
Microsoft Visual Studio Solution File, Format Version 12.00
# Visual Studio Version 16
VisualStudioVersion = 16.0.30503.244
MinimumVisualStudioVersion = 10.0.40219.1
Project("{9A19103F-16F7-4668-BE54-9A1E7A4F7556}") = "SalaryCalculator", "MyPayProject\SalaryCalculator.csproj", "{A34EAF98-C4ED-4F4B-A9D4-989BB1A7D083}"
EndProject
Project("{9A19103F-16F7-4668-BE54-9A1E7A4F7556}") = "SalaryCalculatorNUnitTest", "MyPayNUnitTestProject\SalaryCalculatorNUnitTest.csproj", "{9897941C-E988-45DB-9E84-BE3E2812D60A}"
EndProject
Global
	GlobalSection(SolutionConfigurationPlatforms) = preSolution
		Debug|Any CPU = Debug|Any CPU
		Release|Any CPU = Release|Any CPU
	EndGlobalSection
	GlobalSection(ProjectConfigurationPlatforms) = postSolution
		{A34EAF98-C4ED-4F4B-A9D4-989BB1A7D083}.Debug|Any CPU.ActiveCfg = Debug|Any CPU
		{A34EAF98-C4ED-4F4B-A9D4-989BB1A7D083}.Debug|Any CPU.Build.0 = Debug|Any CPU
		{A34EAF98-C4ED-4F4B-A9D4-989BB1A7D083}.Release|Any CPU.ActiveCfg = Release|Any CPU
		{A34EAF98-C4ED-4F4B-A9D4-989BB1A7D083}.Release|Any CPU.Build.0 = Release|Any CPU
		{9897941C-E988-45DB-9E84-BE3E2812D60A}.Debug|Any CPU.ActiveCfg = Debug|Any CPU
		{9897941C-E988-45DB-9E84-BE3E2812D60A}.Debug|Any CPU.Build.0 = Debug|Any CPU
		{9897941C-E988-45DB-9E84-BE3E2812D60A}.Release|Any CPU.ActiveCfg = Release|Any CPU
		{9897941C-E988-45DB-9E84-BE3E2812D60A}.Release|Any CPU.Build.0 = Release|Any CPU
	EndGlobalSection
	GlobalSection(SolutionProperties) = preSolution
		HideSolutionNode = FALSE
	EndGlobalSection
	GlobalSection(ExtensibilityGlobals) = postSolution
		SolutionGuid = {0E6CC3EA-5DFF-4CE4-9FFF-15B9677C7430}
	EndGlobalSection
EndGlobal
